
Microsoft Visual Studio Solution File, Format Version 12.00
# Visual Studio Version 17
VisualStudioVersion = 17.2.32616.157
MinimumVisualStudioVersion = 10.0.40219.1
Project("{9A19103F-16F7-4668-BE54-9A1E7A4F7556}") = "Auction.BL", "..\Auction.BL\Auction.BL.csproj", "{97FB729A-4998-4491-8803-E3A4CA8B964C}"
EndProject
Project("{9A19103F-16F7-4668-BE54-9A1E7A4F7556}") = "Auction.DAL", "..\Auction.DAL\Auction.DAL.csproj", "{79BF14BE-3CAA-4C7E-9249-FFA47DF66C26}"
EndProject
Project("{FAE04EC0-301F-11D3-BF4B-00C04F79EFBC}") = "Auction.API", "..\Auction3.API\Auction.API.csproj", "{C1D07F03-861C-4712-831E-1BD953DC95DE}"
EndProject
Global
	GlobalSection(SolutionConfigurationPlatforms) = preSolution
		Debug|Any CPU = Debug|Any CPU
		Release|Any CPU = Release|Any CPU
	EndGlobalSection
	GlobalSection(ProjectConfigurationPlatforms) = postSolution
		{97FB729A-4998-4491-8803-E3A4CA8B964C}.Debug|Any CPU.ActiveCfg = Debug|Any CPU
		{97FB729A-4998-4491-8803-E3A4CA8B964C}.Debug|Any CPU.Build.0 = Debug|Any CPU
		{97FB729A-4998-4491-8803-E3A4CA8B964C}.Release|Any CPU.ActiveCfg = Release|Any CPU
		{97FB729A-4998-4491-8803-E3A4CA8B964C}.Release|Any CPU.Build.0 = Release|Any CPU
		{79BF14BE-3CAA-4C7E-9249-FFA47DF66C26}.Debug|Any CPU.ActiveCfg = Debug|Any CPU
		{79BF14BE-3CAA-4C7E-9249-FFA47DF66C26}.Debug|Any CPU.Build.0 = Debug|Any CPU
		{79BF14BE-3CAA-4C7E-9249-FFA47DF66C26}.Release|Any CPU.ActiveCfg = Release|Any CPU
		{79BF14BE-3CAA-4C7E-9249-FFA47DF66C26}.Release|Any CPU.Build.0 = Release|Any CPU
		{C1D07F03-861C-4712-831E-1BD953DC95DE}.Debug|Any CPU.ActiveCfg = Debug|Any CPU
		{C1D07F03-861C-4712-831E-1BD953DC95DE}.Debug|Any CPU.Build.0 = Debug|Any CPU
		{C1D07F03-861C-4712-831E-1BD953DC95DE}.Release|Any CPU.ActiveCfg = Release|Any CPU
		{C1D07F03-861C-4712-831E-1BD953DC95DE}.Release|Any CPU.Build.0 = Release|Any CPU
	EndGlobalSection
	GlobalSection(SolutionProperties) = preSolution
		HideSolutionNode = FALSE
	EndGlobalSection
	GlobalSection(ExtensibilityGlobals) = postSolution
		SolutionGuid = {ADD9619B-9D06-460C-A1EA-C1811A748774}
	EndGlobalSection
EndGlobal
